
Microsoft Visual Studio Solution File, Format Version 12.00
# Visual Studio 2012
Project("{FAE04EC0-301F-11D3-BF4B-00C04F79EFBC}") = "StackOverFaux.Web", "StackOverFaux.Web\StackOverFaux.Web.csproj", "{B68929D3-87EA-4711-A479-7E7835CEBF22}"
EndProject
Project("{FAE04EC0-301F-11D3-BF4B-00C04F79EFBC}") = "StackOverFaux.Data", "StackOverFaux.Data\StackOverFaux.Data.csproj", "{B3F1955B-983A-41AA-9FF8-010454BD4840}"
EndProject
Global
	GlobalSection(SolutionConfigurationPlatforms) = preSolution
		Debug|Any CPU = Debug|Any CPU
		Release|Any CPU = Release|Any CPU
	EndGlobalSection
	GlobalSection(ProjectConfigurationPlatforms) = postSolution
		{B3F1955B-983A-41AA-9FF8-010454BD4840}.Debug|Any CPU.ActiveCfg = Debug|Any CPU
		{B3F1955B-983A-41AA-9FF8-010454BD4840}.Debug|Any CPU.Build.0 = Debug|Any CPU
		{B3F1955B-983A-41AA-9FF8-010454BD4840}.Release|Any CPU.ActiveCfg = Release|Any CPU
		{B3F1955B-983A-41AA-9FF8-010454BD4840}.Release|Any CPU.Build.0 = Release|Any CPU
		{B68929D3-87EA-4711-A479-7E7835CEBF22}.Debug|Any CPU.ActiveCfg = Debug|Any CPU
		{B68929D3-87EA-4711-A479-7E7835CEBF22}.Debug|Any CPU.Build.0 = Debug|Any CPU
		{B68929D3-87EA-4711-A479-7E7835CEBF22}.Release|Any CPU.ActiveCfg = Release|Any CPU
		{B68929D3-87EA-4711-A479-7E7835CEBF22}.Release|Any CPU.Build.0 = Release|Any CPU
	EndGlobalSection
	GlobalSection(SolutionProperties) = preSolution
		HideSolutionNode = FALSE
	EndGlobalSection
EndGlobal
